
Microsoft Visual Studio Solution File, Format Version 12.00
# Visual Studio 15
VisualStudioVersion = 15.0.28307.329
MinimumVisualStudioVersion = 10.0.40219.1
Project("{9A19103F-16F7-4668-BE54-9A1E7A4F7556}") = "ProjectEulerDotNet", "ProjectEulerDotNet\ProjectEulerDotNet.csproj", "{1FC8A9C2-C2F7-4DCC-AD64-7BA100336B9D}"
EndProject
Project("{FAE04EC0-301F-11D3-BF4B-00C04F79EFBC}") = "ProjectEulerDotNet.Test", "ProjectEulerDotNet.Test\ProjectEulerDotNet.Test.csproj", "{C3C45BB7-303D-4A35-8E8F-1C9A998626E8}"
EndProject
Global
	GlobalSection(SolutionConfigurationPlatforms) = preSolution
		Debug|Any CPU = Debug|Any CPU
		Release|Any CPU = Release|Any CPU
	EndGlobalSection
	GlobalSection(ProjectConfigurationPlatforms) = postSolution
		{1FC8A9C2-C2F7-4DCC-AD64-7BA100336B9D}.Debug|Any CPU.ActiveCfg = Debug|Any CPU
		{1FC8A9C2-C2F7-4DCC-AD64-7BA100336B9D}.Debug|Any CPU.Build.0 = Debug|Any CPU
		{1FC8A9C2-C2F7-4DCC-AD64-7BA100336B9D}.Release|Any CPU.ActiveCfg = Release|Any CPU
		{1FC8A9C2-C2F7-4DCC-AD64-7BA100336B9D}.Release|Any CPU.Build.0 = Release|Any CPU
		{C3C45BB7-303D-4A35-8E8F-1C9A998626E8}.Debug|Any CPU.ActiveCfg = Debug|Any CPU
		{C3C45BB7-303D-4A35-8E8F-1C9A998626E8}.Debug|Any CPU.Build.0 = Debug|Any CPU
		{C3C45BB7-303D-4A35-8E8F-1C9A998626E8}.Release|Any CPU.ActiveCfg = Release|Any CPU
		{C3C45BB7-303D-4A35-8E8F-1C9A998626E8}.Release|Any CPU.Build.0 = Release|Any CPU
	EndGlobalSection
	GlobalSection(SolutionProperties) = preSolution
		HideSolutionNode = FALSE
	EndGlobalSection
	GlobalSection(ExtensibilityGlobals) = postSolution
		SolutionGuid = {0AEAFC68-AAD0-4E05-A8E9-2D8B5B1E3230}
	EndGlobalSection
EndGlobal
